
Microsoft Visual Studio Solution File, Format Version 12.00
# Visual Studio Version 17
VisualStudioVersion = 17.8.34330.188
MinimumVisualStudioVersion = 10.0.40219.1
Project("{9A19103F-16F7-4668-BE54-9A1E7A4F7556}") = "UzlePlugins.Vm", "UzlePlugins.Vm\UzlePlugins.Vm.csproj", "{1C637B50-1AE1-4898-A035-341AF35EBB6B}"
EndProject
Project("{9A19103F-16F7-4668-BE54-9A1E7A4F7556}") = "UzlePlugins.Views", "UzlePlugins.Views\UzlePlugins.Views.csproj", "{C6A13D3B-64AD-4DDD-968A-031211F6EEDD}"
EndProject
Project("{2150E333-8FDC-42A3-9474-1A3956D46DE8}") = "Tests", "Tests", "{36E951E1-C958-42CC-AE66-3A5C4475B997}"
EndProject
Project("{9A19103F-16F7-4668-BE54-9A1E7A4F7556}") = "UzlePlugins.WpfTest", "UzlePlugins.WpfTest\UzlePlugins.WpfTest.csproj", "{B2DDF9A8-6855-4212-9541-6EE41FE03715}"
EndProject
Project("{9A19103F-16F7-4668-BE54-9A1E7A4F7556}") = "UzlePlugins.TestConsole", "UzlePlugins.TestConsole\UzlePlugins.TestConsole.csproj", "{5ED0C98C-218C-460B-958B-705CF7C15609}"
EndProject
Project("{9A19103F-16F7-4668-BE54-9A1E7A4F7556}") = "UzlePlugins.Settings", "UzlePlugins.Settings\UzlePlugins.Settings.csproj", "{CCCDBE7E-4860-40D9-A27C-BE639B4C2073}"
EndProject
Project("{9A19103F-16F7-4668-BE54-9A1E7A4F7556}") = "UzlePlugins.Contracts", "UzlePlugins.Contracts\UzlePlugins.Contracts.csproj", "{04DC4DE9-B5BD-4C12-9F63-A733254D5C24}"
EndProject
Project("{9A19103F-16F7-4668-BE54-9A1E7A4F7556}") = "UzlePlugins.Addin.Revit2022", "UzlePlugins.Addin.Revit2022\UzlePlugins.Addin.Revit2022.csproj", "{E3221384-8ADD-45CF-9981-5F5148AFFC2A}"
EndProject
Project("{9A19103F-16F7-4668-BE54-9A1E7A4F7556}") = "UzlePlugins.Models.Revit2022", "UzlePlugins.Models.Revit2022\UzlePlugins.Models.Revit2022.csproj", "{350BE67A-96BC-4545-8FAA-6771969BAB05}"
EndProject
Project("{FAE04EC0-301F-11D3-BF4B-00C04F79EFBC}") = "UzlePlugins.Tests.Wpf", "Tests\UzlePlugins.Tests.Wpf\UzlePlugins.Tests.Wpf.csproj", "{EE898885-53A5-4A9D-ACA3-AAEEF8BA1D32}"
EndProject
Project("{FAE04EC0-301F-11D3-BF4B-00C04F79EFBC}") = "Mocks", "Mocks\Mocks.csproj", "{8CBBAC1D-A212-47C5-963A-3D5B19FBB7A6}"
EndProject
Global
	GlobalSection(SolutionConfigurationPlatforms) = preSolution
		Debug|Any CPU = Debug|Any CPU
		Release|Any CPU = Release|Any CPU
	EndGlobalSection
	GlobalSection(ProjectConfigurationPlatforms) = postSolution
		{1C637B50-1AE1-4898-A035-341AF35EBB6B}.Debug|Any CPU.ActiveCfg = Debug|Any CPU
		{1C637B50-1AE1-4898-A035-341AF35EBB6B}.Debug|Any CPU.Build.0 = Debug|Any CPU
		{1C637B50-1AE1-4898-A035-341AF35EBB6B}.Release|Any CPU.ActiveCfg = Release|Any CPU
		{1C637B50-1AE1-4898-A035-341AF35EBB6B}.Release|Any CPU.Build.0 = Release|Any CPU
		{C6A13D3B-64AD-4DDD-968A-031211F6EEDD}.Debug|Any CPU.ActiveCfg = Debug|Any CPU
		{C6A13D3B-64AD-4DDD-968A-031211F6EEDD}.Debug|Any CPU.Build.0 = Debug|Any CPU
		{C6A13D3B-64AD-4DDD-968A-031211F6EEDD}.Release|Any CPU.ActiveCfg = Release|Any CPU
		{C6A13D3B-64AD-4DDD-968A-031211F6EEDD}.Release|Any CPU.Build.0 = Release|Any CPU
		{B2DDF9A8-6855-4212-9541-6EE41FE03715}.Debug|Any CPU.ActiveCfg = Debug|Any CPU
		{B2DDF9A8-6855-4212-9541-6EE41FE03715}.Debug|Any CPU.Build.0 = Debug|Any CPU
		{B2DDF9A8-6855-4212-9541-6EE41FE03715}.Release|Any CPU.ActiveCfg = Release|Any CPU
		{B2DDF9A8-6855-4212-9541-6EE41FE03715}.Release|Any CPU.Build.0 = Release|Any CPU
		{5ED0C98C-218C-460B-958B-705CF7C15609}.Debug|Any CPU.ActiveCfg = Debug|Any CPU
		{5ED0C98C-218C-460B-958B-705CF7C15609}.Debug|Any CPU.Build.0 = Debug|Any CPU
		{5ED0C98C-218C-460B-958B-705CF7C15609}.Release|Any CPU.ActiveCfg = Release|Any CPU
		{5ED0C98C-218C-460B-958B-705CF7C15609}.Release|Any CPU.Build.0 = Release|Any CPU
		{CCCDBE7E-4860-40D9-A27C-BE639B4C2073}.Debug|Any CPU.ActiveCfg = Debug|Any CPU
		{CCCDBE7E-4860-40D9-A27C-BE639B4C2073}.Debug|Any CPU.Build.0 = Debug|Any CPU
		{CCCDBE7E-4860-40D9-A27C-BE639B4C2073}.Release|Any CPU.ActiveCfg = Release|Any CPU
		{CCCDBE7E-4860-40D9-A27C-BE639B4C2073}.Release|Any CPU.Build.0 = Release|Any CPU
		{04DC4DE9-B5BD-4C12-9F63-A733254D5C24}.Debug|Any CPU.ActiveCfg = Debug|Any CPU
		{04DC4DE9-B5BD-4C12-9F63-A733254D5C24}.Debug|Any CPU.Build.0 = Debug|Any CPU
		{04DC4DE9-B5BD-4C12-9F63-A733254D5C24}.Release|Any CPU.ActiveCfg = Release|Any CPU
		{04DC4DE9-B5BD-4C12-9F63-A733254D5C24}.Release|Any CPU.Build.0 = Release|Any CPU
		{E3221384-8ADD-45CF-9981-5F5148AFFC2A}.Debug|Any CPU.ActiveCfg = Debug|Any CPU
		{E3221384-8ADD-45CF-9981-5F5148AFFC2A}.Debug|Any CPU.Build.0 = Debug|Any CPU
		{E3221384-8ADD-45CF-9981-5F5148AFFC2A}.Release|Any CPU.ActiveCfg = Release|Any CPU
		{E3221384-8ADD-45CF-9981-5F5148AFFC2A}.Release|Any CPU.Build.0 = Release|Any CPU
		{350BE67A-96BC-4545-8FAA-6771969BAB05}.Debug|Any CPU.ActiveCfg = Debug|Any CPU
		{350BE67A-96BC-4545-8FAA-6771969BAB05}.Debug|Any CPU.Build.0 = Debug|Any CPU
		{350BE67A-96BC-4545-8FAA-6771969BAB05}.Release|Any CPU.ActiveCfg = Release|Any CPU
		{350BE67A-96BC-4545-8FAA-6771969BAB05}.Release|Any CPU.Build.0 = Release|Any CPU
		{EE898885-53A5-4A9D-ACA3-AAEEF8BA1D32}.Debug|Any CPU.ActiveCfg = Debug|Any CPU
		{EE898885-53A5-4A9D-ACA3-AAEEF8BA1D32}.Debug|Any CPU.Build.0 = Debug|Any CPU
		{EE898885-53A5-4A9D-ACA3-AAEEF8BA1D32}.Release|Any CPU.ActiveCfg = Release|Any CPU
		{EE898885-53A5-4A9D-ACA3-AAEEF8BA1D32}.Release|Any CPU.Build.0 = Release|Any CPU
		{8CBBAC1D-A212-47C5-963A-3D5B19FBB7A6}.Debug|Any CPU.ActiveCfg = Debug|Any CPU
		{8CBBAC1D-A212-47C5-963A-3D5B19FBB7A6}.Debug|Any CPU.Build.0 = Debug|Any CPU
		{8CBBAC1D-A212-47C5-963A-3D5B19FBB7A6}.Release|Any CPU.ActiveCfg = Release|Any CPU
		{8CBBAC1D-A212-47C5-963A-3D5B19FBB7A6}.Release|Any CPU.Build.0 = Release|Any CPU
	EndGlobalSection
	GlobalSection(SolutionProperties) = preSolution
		HideSolutionNode = FALSE
	EndGlobalSection
	GlobalSection(NestedProjects) = preSolution
		{EE898885-53A5-4A9D-ACA3-AAEEF8BA1D32} = {36E951E1-C958-42CC-AE66-3A5C4475B997}
		{8CBBAC1D-A212-47C5-963A-3D5B19FBB7A6} = {36E951E1-C958-42CC-AE66-3A5C4475B997}
	EndGlobalSection
	GlobalSection(ExtensibilityGlobals) = postSolution
		SolutionGuid = {5A5A7373-0B88-4475-8D93-E06283FA71D9}
	EndGlobalSection
EndGlobal
